PODS:
  - Alamofire (4.2.0)
  - JSQMessagesViewController (7.3.4)
  - SwiftyJSON (3.1.3)

DEPENDENCIES:
  - Alamofire (~> 4.0)
  - JSQMessagesViewController (from `../`)
  - SwiftyJSON (~> 3.0)

EXTERNAL SOURCES:
  JSQMessagesViewController:
    :path: ../

SPEC CHECKSUMS:
  Alamofire: aa2e09d871c9160ac53c90e83c68064a94e3dfbe
  JSQMessagesViewController: c11b9e77372ab72c45c67311f6da7342e32df1e8
  SwiftyJSON: 38a8ea2006779c0fc4c310cb2ee8195327740faf

PODFILE CHECKSUM: 5c1c3c76629df92e6cc348d430aeb8c346a9428e

COCOAPODS: 1.0.1
